
Microsoft Visual Studio Solution File, Format Version 12.00
# Visual Studio Version 17
VisualStudioVersion = 17.5.002.0
MinimumVisualStudioVersion = 10.0.40219.1
Project("{9A19103F-16F7-4668-BE54-9A1E7A4F7556}") = "Qbert", "Qbert.csproj", "{E61A9FCA-3ADC-4660-B061-08F2C055AA99}"
EndProject
Global
	GlobalSection(SolutionConfigurationPlatforms) = preSolution
		Debug|Any CPU = Debug|Any CPU
		Release|Any CPU = Release|Any CPU
	EndGlobalSection
	GlobalSection(ProjectConfigurationPlatforms) = postSolution
		{E61A9FCA-3ADC-4660-B061-08F2C055AA99}.Debug|Any CPU.ActiveCfg = Debug|Any CPU
		{E61A9FCA-3ADC-4660-B061-08F2C055AA99}.Debug|Any CPU.Build.0 = Debug|Any CPU
		{E61A9FCA-3ADC-4660-B061-08F2C055AA99}.Release|Any CPU.ActiveCfg = Release|Any CPU
		{E61A9FCA-3ADC-4660-B061-08F2C055AA99}.Release|Any CPU.Build.0 = Release|Any CPU
	EndGlobalSection
	GlobalSection(SolutionProperties) = preSolution
		HideSolutionNode = FALSE
	EndGlobalSection
	GlobalSection(ExtensibilityGlobals) = postSolution
		SolutionGuid = {8FEB40CF-3F84-493C-B84A-A289A1D7E337}
	EndGlobalSection
EndGlobal
